// !$*UTF8*$!
{
	archiveVersion = 1;
	classes = {
	};
	objectVersion = 46;
	objects = {

/* Begin PBXFileReference section */
		EF57E1411DC02EA7009C4CB2 /* piCodeLEDBasic.swift */ = {isa = PBXFileReference; lastKnownFileType = sourcecode.swift; path = piCodeLEDBasic.swift; sourceTree = "<group>"; };
		EF57E1421DC02EA7009C4CB2 /* piCodeLEDTimer.swift */ = {isa = PBXFileReference; lastKnownFileType = sourcecode.swift; path = piCodeLEDTimer.swift; sourceTree = "<group>"; };
		EF57E1431DC02EBE009C4CB2 /* piCodeGPIO.swift */ = {isa = PBXFileReference; lastKnownFileType = sourcecode.swift; path = piCodeGPIO.swift; sourceTree = "<group>"; };
/* End PBXFileReference section */

/* Begin PBXGroup section */
		EF57E1361DC02D25009C4CB2 = {
			isa = PBXGroup;
			children = (
				EF57E13D1DC02DDC009C4CB2 /* Projects */,
				EF57E1401DC02E36009C4CB2 /* Modules */,
			);
			sourceTree = "<group>";
		};
		EF57E13D1DC02DDC009C4CB2 /* Projects */ = {
			isa = PBXGroup;
			children = (
				EF57E1411DC02EA7009C4CB2 /* piCodeLEDBasic.swift */,
				EF57E1421DC02EA7009C4CB2 /* piCodeLEDTimer.swift */,
			);
			path = Projects;
			sourceTree = "<group>";
		};
		EF57E1401DC02E36009C4CB2 /* Modules */ = {
			isa = PBXGroup;
			children = (
				EF57E1431DC02EBE009C4CB2 /* piCodeGPIO.swift */,
			);
			path = Modules;
			sourceTree = "<group>";
		};
/* End PBXGroup section */

/* Begin PBXProject section */
		EF57E1371DC02D25009C4CB2 /* Project object */ = {
			isa = PBXProject;
			attributes = {
				LastUpgradeCheck = 0800;
			};
			buildConfigurationList = EF57E13A1DC02D25009C4CB2 /* Build configuration list for PBXProject "Swift_Lite_Sample_Files" */;
			compatibilityVersion = "Xcode 3.2";
			developmentRegion = English;
			hasScannedForEncodings = 0;
			knownRegions = (
				en,
			);
			mainGroup = EF57E1361DC02D25009C4CB2;
			projectDirPath = "";
			projectRoot = "";
			targets = (
			);
		};
/* End PBXProject section */

/* Begin XCBuildConfiguration section */
		EF57E13B1DC02D25009C4CB2 /* Debug */ = {
			isa = XCBuildConfiguration;
			buildSettings = {
			};
			name = Debug;
		};
		EF57E13C1DC02D25009C4CB2 /* Release */ = {
			isa = XCBuildConfiguration;
			buildSettings = {
			};
			name = Release;
		};
/* End XCBuildConfiguration section */

/* Begin XCConfigurationList section */
		EF57E13A1DC02D25009C4CB2 /* Build configuration list for PBXProject "Swift_Lite_Sample_Files" */ = {
			isa = XCConfigurationList;
			buildConfigurations = (
				EF57E13B1DC02D25009C4CB2 /* Debug */,
				EF57E13C1DC02D25009C4CB2 /* Release */,
			);
			defaultConfigurationIsVisible = 0;
			defaultConfigurationName = Release;
		};
/* End XCConfigurationList section */
	};
	rootObject = EF57E1371DC02D25009C4CB2 /* Project object */;
}
